
Microsoft Visual Studio Solution File, Format Version 12.00
# Visual Studio Version 16
VisualStudioVersion = 16.0.30611.23
MinimumVisualStudioVersion = 10.0.40219.1
Project("{FAE04EC0-301F-11D3-BF4B-00C04F79EFBC}") = "Exercise04", "Exercise04\Exercise04.csproj", "{21576A1C-87F5-4C1A-B6D0-555CA096B0E2}"
EndProject
Global
	GlobalSection(SolutionConfigurationPlatforms) = preSolution
		Debug|Any CPU = Debug|Any CPU
		Release|Any CPU = Release|Any CPU
	EndGlobalSection
	GlobalSection(ProjectConfigurationPlatforms) = postSolution
		{21576A1C-87F5-4C1A-B6D0-555CA096B0E2}.Debug|Any CPU.ActiveCfg = Debug|Any CPU
		{21576A1C-87F5-4C1A-B6D0-555CA096B0E2}.Debug|Any CPU.Build.0 = Debug|Any CPU
		{21576A1C-87F5-4C1A-B6D0-555CA096B0E2}.Release|Any CPU.ActiveCfg = Release|Any CPU
		{21576A1C-87F5-4C1A-B6D0-555CA096B0E2}.Release|Any CPU.Build.0 = Release|Any CPU
	EndGlobalSection
	GlobalSection(SolutionProperties) = preSolution
		HideSolutionNode = FALSE
	EndGlobalSection
	GlobalSection(ExtensibilityGlobals) = postSolution
		SolutionGuid = {CB2D6438-82A1-4BCA-949F-F9637929E86D}
	EndGlobalSection
EndGlobal
